
Microsoft Visual Studio Solution File, Format Version 12.00
# Visual Studio Version 17
VisualStudioVersion = 17.4.33213.308
MinimumVisualStudioVersion = 10.0.40219.1
Project("{FAE04EC0-301F-11D3-BF4B-00C04F79EFBC}") = "GameLauncher", "GameLauncher.csproj", "{B973886D-FD8A-4985-8E67-C5A8E1A5BAC1}"
EndProject
Global
	GlobalSection(SolutionConfigurationPlatforms) = preSolution
		Debug|Any CPU = Debug|Any CPU
		Release|Any CPU = Release|Any CPU
	EndGlobalSection
	GlobalSection(ProjectConfigurationPlatforms) = postSolution
		{B973886D-FD8A-4985-8E67-C5A8E1A5BAC1}.Debug|Any CPU.ActiveCfg = Debug|Any CPU
		{B973886D-FD8A-4985-8E67-C5A8E1A5BAC1}.Debug|Any CPU.Build.0 = Debug|Any CPU
		{B973886D-FD8A-4985-8E67-C5A8E1A5BAC1}.Release|Any CPU.ActiveCfg = Release|Any CPU
		{B973886D-FD8A-4985-8E67-C5A8E1A5BAC1}.Release|Any CPU.Build.0 = Release|Any CPU
	EndGlobalSection
	GlobalSection(SolutionProperties) = preSolution
		HideSolutionNode = FALSE
	EndGlobalSection
	GlobalSection(ExtensibilityGlobals) = postSolution
		SolutionGuid = {ABD527EE-F16A-41F2-8FBA-697A9110C3FC}
	EndGlobalSection
EndGlobal
